<?xml version="1.0" encoding="utf-8"?>
<Project ToolsVersion="17.0" xmlns="http://schemas.microsoft.com/developer/msbuild/2003">
  <ItemGroup>
    <CustomBuild Include="C:\Users\david\Documents\Workspace\tom_jk2mv\src\mvsdk\CMakeFiles\710cdd7d6d1dc9017453248378c6b689\generate.stamp.rule">
      <Filter>CMake Rules</Filter>
    </CustomBuild>
  </ItemGroup>
  <ItemGroup>
    <Filter Include="CMake Rules">
      <UniqueIdentifier>{753EE792-7CDF-3FE6-97F3-967B3B34B791}</UniqueIdentifier>
    </Filter>
  </ItemGroup>
</Project>
