<?xml version="1.0" encoding="utf-8"?>
<Project ToolsVersion="17.0" xmlns="http://schemas.microsoft.com/developer/msbuild/2003">
  <ItemGroup>
    <ClCompile Include="C:\Users\david\Documents\Workspace\tom_jk2mv\src\mvsdk\tools\lcc\bytecode.c">
      <Filter>Source Files</Filter>
    </ClCompile>
    <ClCompile Include="C:\Users\david\Documents\Workspace\tom_jk2mv\src\mvsdk\tools\lcc\lcc.c">
      <Filter>Source Files</Filter>
    </ClCompile>
  </ItemGroup>
  <ItemGroup>
    <CustomBuild Include="C:\Users\david\Documents\Workspace\tom_jk2mv\src\mvsdk\tools\lcc\CMakeLists.txt" />
  </ItemGroup>
  <ItemGroup>
    <Filter Include="Source Files">
      <UniqueIdentifier>{5E7F80E7-8644-3A2E-8059-D984F6D34782}</UniqueIdentifier>
    </Filter>
  </ItemGroup>
</Project>
