<?xml version="1.0" encoding="utf-8"?>
<Project ToolsVersion="17.0" xmlns="http://schemas.microsoft.com/developer/msbuild/2003">
  <ItemGroup>
    <ClCompile Include="C:\Users\david\Documents\Workspace\tom_jk2mv\src\mvsdk\code\game\g_main.c">
      <Filter>Source Files</Filter>
    </ClCompile>
    <ClCompile Include="C:\Users\david\Documents\Workspace\tom_jk2mv\src\mvsdk\code\game\ai_main.c">
      <Filter>Source Files</Filter>
    </ClCompile>
    <ClCompile Include="C:\Users\david\Documents\Workspace\tom_jk2mv\src\mvsdk\code\game\ai_util.c">
      <Filter>Source Files</Filter>
    </ClCompile>
    <ClCompile Include="C:\Users\david\Documents\Workspace\tom_jk2mv\src\mvsdk\code\game\ai_wpnav.c">
      <Filter>Source Files</Filter>
    </ClCompile>
    <ClCompile Include="C:\Users\david\Documents\Workspace\tom_jk2mv\src\mvsdk\code\game\bg_misc.c">
      <Filter>Source Files</Filter>
    </ClCompile>
    <ClCompile Include="C:\Users\david\Documents\Workspace\tom_jk2mv\src\mvsdk\code\game\bg_panimate.c">
      <Filter>Source Files</Filter>
    </ClCompile>
    <ClCompile Include="C:\Users\david\Documents\Workspace\tom_jk2mv\src\mvsdk\code\game\bg_pmove.c">
      <Filter>Source Files</Filter>
    </ClCompile>
    <ClCompile Include="C:\Users\david\Documents\Workspace\tom_jk2mv\src\mvsdk\code\game\bg_pmove_css.c">
      <Filter>Source Files</Filter>
    </ClCompile>
    <ClCompile Include="C:\Users\david\Documents\Workspace\tom_jk2mv\src\mvsdk\code\game\bg_pmove_q2.c">
      <Filter>Source Files</Filter>
    </ClCompile>
    <ClCompile Include="C:\Users\david\Documents\Workspace\tom_jk2mv\src\mvsdk\code\game\bg_saber.c">
      <Filter>Source Files</Filter>
    </ClCompile>
    <ClCompile Include="C:\Users\david\Documents\Workspace\tom_jk2mv\src\mvsdk\code\game\bg_slidemove.c">
      <Filter>Source Files</Filter>
    </ClCompile>
    <ClCompile Include="C:\Users\david\Documents\Workspace\tom_jk2mv\src\mvsdk\code\game\bg_weapons.c">
      <Filter>Source Files</Filter>
    </ClCompile>
    <ClCompile Include="C:\Users\david\Documents\Workspace\tom_jk2mv\src\mvsdk\code\game\bg_cmd.c">
      <Filter>Source Files</Filter>
    </ClCompile>
    <ClCompile Include="C:\Users\david\Documents\Workspace\tom_jk2mv\src\mvsdk\code\game\g_active.c">
      <Filter>Source Files</Filter>
    </ClCompile>
    <ClCompile Include="C:\Users\david\Documents\Workspace\tom_jk2mv\src\mvsdk\code\game\g_arenas.c">
      <Filter>Source Files</Filter>
    </ClCompile>
    <ClCompile Include="C:\Users\david\Documents\Workspace\tom_jk2mv\src\mvsdk\code\game\g_bot.c">
      <Filter>Source Files</Filter>
    </ClCompile>
    <ClCompile Include="C:\Users\david\Documents\Workspace\tom_jk2mv\src\mvsdk\code\game\g_client.c">
      <Filter>Source Files</Filter>
    </ClCompile>
    <ClCompile Include="C:\Users\david\Documents\Workspace\tom_jk2mv\src\mvsdk\code\game\g_cmds.c">
      <Filter>Source Files</Filter>
    </ClCompile>
    <ClCompile Include="C:\Users\david\Documents\Workspace\tom_jk2mv\src\mvsdk\code\game\g_crossserver.c">
      <Filter>Source Files</Filter>
    </ClCompile>
    <ClCompile Include="C:\Users\david\Documents\Workspace\tom_jk2mv\src\mvsdk\code\game\g_combat.c">
      <Filter>Source Files</Filter>
    </ClCompile>
    <ClCompile Include="C:\Users\david\Documents\Workspace\tom_jk2mv\src\mvsdk\code\game\g_defrag.c">
      <Filter>Source Files</Filter>
    </ClCompile>
    <ClCompile Include="C:\Users\david\Documents\Workspace\tom_jk2mv\src\mvsdk\code\game\g_dbcmds.c">
      <Filter>Source Files</Filter>
    </ClCompile>
    <ClCompile Include="C:\Users\david\Documents\Workspace\tom_jk2mv\src\mvsdk\code\game\bg_defrag_global.c">
      <Filter>Source Files</Filter>
    </ClCompile>
    <ClCompile Include="C:\Users\david\Documents\Workspace\tom_jk2mv\src\mvsdk\code\game\g_items.c">
      <Filter>Source Files</Filter>
    </ClCompile>
    <ClCompile Include="C:\Users\david\Documents\Workspace\tom_jk2mv\src\mvsdk\code\game\g_log.c">
      <Filter>Source Files</Filter>
    </ClCompile>
    <ClCompile Include="C:\Users\david\Documents\Workspace\tom_jk2mv\src\mvsdk\code\game\g_mem.c">
      <Filter>Source Files</Filter>
    </ClCompile>
    <ClCompile Include="C:\Users\david\Documents\Workspace\tom_jk2mv\src\mvsdk\code\game\g_misc.c">
      <Filter>Source Files</Filter>
    </ClCompile>
    <ClCompile Include="C:\Users\david\Documents\Workspace\tom_jk2mv\src\mvsdk\code\game\g_missile.c">
      <Filter>Source Files</Filter>
    </ClCompile>
    <ClCompile Include="C:\Users\david\Documents\Workspace\tom_jk2mv\src\mvsdk\code\game\g_mover.c">
      <Filter>Source Files</Filter>
    </ClCompile>
    <ClCompile Include="C:\Users\david\Documents\Workspace\tom_jk2mv\src\mvsdk\code\game\g_object.c">
      <Filter>Source Files</Filter>
    </ClCompile>
    <ClCompile Include="C:\Users\david\Documents\Workspace\tom_jk2mv\src\mvsdk\code\game\g_saga.c">
      <Filter>Source Files</Filter>
    </ClCompile>
    <ClCompile Include="C:\Users\david\Documents\Workspace\tom_jk2mv\src\mvsdk\code\game\g_session.c">
      <Filter>Source Files</Filter>
    </ClCompile>
    <ClCompile Include="C:\Users\david\Documents\Workspace\tom_jk2mv\src\mvsdk\code\game\g_spawn.c">
      <Filter>Source Files</Filter>
    </ClCompile>
    <ClCompile Include="C:\Users\david\Documents\Workspace\tom_jk2mv\src\mvsdk\code\game\g_svcmds.c">
      <Filter>Source Files</Filter>
    </ClCompile>
    <ClCompile Include="C:\Users\david\Documents\Workspace\tom_jk2mv\src\mvsdk\code\game\g_target.c">
      <Filter>Source Files</Filter>
    </ClCompile>
    <ClCompile Include="C:\Users\david\Documents\Workspace\tom_jk2mv\src\mvsdk\code\game\g_team.c">
      <Filter>Source Files</Filter>
    </ClCompile>
    <ClCompile Include="C:\Users\david\Documents\Workspace\tom_jk2mv\src\mvsdk\code\game\g_trigger.c">
      <Filter>Source Files</Filter>
    </ClCompile>
    <ClCompile Include="C:\Users\david\Documents\Workspace\tom_jk2mv\src\mvsdk\code\game\g_utils.c">
      <Filter>Source Files</Filter>
    </ClCompile>
    <ClCompile Include="C:\Users\david\Documents\Workspace\tom_jk2mv\src\mvsdk\code\game\g_weapon.c">
      <Filter>Source Files</Filter>
    </ClCompile>
    <ClCompile Include="C:\Users\david\Documents\Workspace\tom_jk2mv\src\mvsdk\code\game\q_math.c">
      <Filter>Source Files</Filter>
    </ClCompile>
    <ClCompile Include="C:\Users\david\Documents\Workspace\tom_jk2mv\src\mvsdk\code\game\q_shared.c">
      <Filter>Source Files</Filter>
    </ClCompile>
    <ClCompile Include="C:\Users\david\Documents\Workspace\tom_jk2mv\src\mvsdk\code\game\w_force.c">
      <Filter>Source Files</Filter>
    </ClCompile>
    <ClCompile Include="C:\Users\david\Documents\Workspace\tom_jk2mv\src\mvsdk\code\game\w_saber.c">
      <Filter>Source Files</Filter>
    </ClCompile>
    <ClCompile Include="C:\Users\david\Documents\Workspace\tom_jk2mv\src\mvsdk\code\game\g_multiversion.c">
      <Filter>Source Files</Filter>
    </ClCompile>
    <ClCompile Include="C:\Users\david\Documents\Workspace\tom_jk2mv\src\mvsdk\code\game\g_multiversion_syscalls.c">
      <Filter>Source Files</Filter>
    </ClCompile>
    <ClCompile Include="C:\Users\david\Documents\Workspace\tom_jk2mv\src\mvsdk\code\game\bg_multiversion.c">
      <Filter>Source Files</Filter>
    </ClCompile>
    <ClCompile Include="C:\Users\david\Documents\Workspace\tom_jk2mv\src\mvsdk\code\game\animMappingTable.c">
      <Filter>Source Files</Filter>
    </ClCompile>
    <ClCompile Include="C:\Users\david\Documents\Workspace\tom_jk2mv\src\mvsdk\code\qcommon\crypt_blowfish.c">
      <Filter>Source Files</Filter>
    </ClCompile>
    <ClCompile Include="C:\Users\david\Documents\Workspace\tom_jk2mv\src\mvsdk\code\qcommon\fp16.c">
      <Filter>Source Files</Filter>
    </ClCompile>
    <ClCompile Include="C:\Users\david\Documents\Workspace\tom_jk2mv\src\mvsdk\code\qcommon\levenshtein.c">
      <Filter>Source Files</Filter>
    </ClCompile>
    <ClCompile Include="C:\Users\david\Documents\Workspace\tom_jk2mv\src\mvsdk\code\game\g_syscalls.c">
      <Filter>Source Files</Filter>
    </ClCompile>
  </ItemGroup>
  <ItemGroup>
    <ClInclude Include="C:\Users\david\Documents\Workspace\tom_jk2mv\src\mvsdk\code\game\ai_main.h">
      <Filter>Header Files</Filter>
    </ClInclude>
    <ClInclude Include="C:\Users\david\Documents\Workspace\tom_jk2mv\src\mvsdk\code\game\anims.h">
      <Filter>Header Files</Filter>
    </ClInclude>
    <ClInclude Include="C:\Users\david\Documents\Workspace\tom_jk2mv\src\mvsdk\code\game\be_aas.h">
      <Filter>Header Files</Filter>
    </ClInclude>
    <ClInclude Include="C:\Users\david\Documents\Workspace\tom_jk2mv\src\mvsdk\code\game\be_ai_char.h">
      <Filter>Header Files</Filter>
    </ClInclude>
    <ClInclude Include="C:\Users\david\Documents\Workspace\tom_jk2mv\src\mvsdk\code\game\be_ai_chat.h">
      <Filter>Header Files</Filter>
    </ClInclude>
    <ClInclude Include="C:\Users\david\Documents\Workspace\tom_jk2mv\src\mvsdk\code\game\be_ai_gen.h">
      <Filter>Header Files</Filter>
    </ClInclude>
    <ClInclude Include="C:\Users\david\Documents\Workspace\tom_jk2mv\src\mvsdk\code\game\be_ai_goal.h">
      <Filter>Header Files</Filter>
    </ClInclude>
    <ClInclude Include="C:\Users\david\Documents\Workspace\tom_jk2mv\src\mvsdk\code\game\be_ai_move.h">
      <Filter>Header Files</Filter>
    </ClInclude>
    <ClInclude Include="C:\Users\david\Documents\Workspace\tom_jk2mv\src\mvsdk\code\game\be_ai_weap.h">
      <Filter>Header Files</Filter>
    </ClInclude>
    <ClInclude Include="C:\Users\david\Documents\Workspace\tom_jk2mv\src\mvsdk\code\game\be_ea.h">
      <Filter>Header Files</Filter>
    </ClInclude>
    <ClInclude Include="C:\Users\david\Documents\Workspace\tom_jk2mv\src\mvsdk\code\game\bg_local.h">
      <Filter>Header Files</Filter>
    </ClInclude>
    <ClInclude Include="C:\Users\david\Documents\Workspace\tom_jk2mv\src\mvsdk\code\game\bg_public.h">
      <Filter>Header Files</Filter>
    </ClInclude>
    <ClInclude Include="C:\Users\david\Documents\Workspace\tom_jk2mv\src\mvsdk\code\game\bg_pmove_css.h">
      <Filter>Header Files</Filter>
    </ClInclude>
    <ClInclude Include="C:\Users\david\Documents\Workspace\tom_jk2mv\src\mvsdk\code\game\bg_pmove_q2.h">
      <Filter>Header Files</Filter>
    </ClInclude>
    <ClInclude Include="C:\Users\david\Documents\Workspace\tom_jk2mv\src\mvsdk\code\game\bg_saga.h">
      <Filter>Header Files</Filter>
    </ClInclude>
    <ClInclude Include="C:\Users\david\Documents\Workspace\tom_jk2mv\src\mvsdk\code\game\bg_weapons.h">
      <Filter>Header Files</Filter>
    </ClInclude>
    <ClInclude Include="C:\Users\david\Documents\Workspace\tom_jk2mv\src\mvsdk\code\game\bg_cmd.h">
      <Filter>Header Files</Filter>
    </ClInclude>
    <ClInclude Include="C:\Users\david\Documents\Workspace\tom_jk2mv\src\mvsdk\code\game\botlib.h">
      <Filter>Header Files</Filter>
    </ClInclude>
    <ClInclude Include="C:\Users\david\Documents\Workspace\tom_jk2mv\src\mvsdk\code\game\chars.h">
      <Filter>Header Files</Filter>
    </ClInclude>
    <ClInclude Include="C:\Users\david\Documents\Workspace\tom_jk2mv\src\mvsdk\code\game\g_defrag.h">
      <Filter>Header Files</Filter>
    </ClInclude>
    <ClInclude Include="C:\Users\david\Documents\Workspace\tom_jk2mv\src\mvsdk\code\game\g_dbcmds.h">
      <Filter>Header Files</Filter>
    </ClInclude>
    <ClInclude Include="C:\Users\david\Documents\Workspace\tom_jk2mv\src\mvsdk\code\game\bg_defrag_global.h">
      <Filter>Header Files</Filter>
    </ClInclude>
    <ClInclude Include="C:\Users\david\Documents\Workspace\tom_jk2mv\src\mvsdk\code\game\g_local.h">
      <Filter>Header Files</Filter>
    </ClInclude>
    <ClInclude Include="C:\Users\david\Documents\Workspace\tom_jk2mv\src\mvsdk\code\game\g_public.h">
      <Filter>Header Files</Filter>
    </ClInclude>
    <ClInclude Include="C:\Users\david\Documents\Workspace\tom_jk2mv\src\mvsdk\code\game\g_team.h">
      <Filter>Header Files</Filter>
    </ClInclude>
    <ClInclude Include="C:\Users\david\Documents\Workspace\tom_jk2mv\src\mvsdk\code\game\inv.h">
      <Filter>Header Files</Filter>
    </ClInclude>
    <ClInclude Include="C:\Users\david\Documents\Workspace\tom_jk2mv\src\mvsdk\code\game\match.h">
      <Filter>Header Files</Filter>
    </ClInclude>
    <ClInclude Include="C:\Users\david\Documents\Workspace\tom_jk2mv\src\mvsdk\code\game\q_shared.h">
      <Filter>Header Files</Filter>
    </ClInclude>
    <ClInclude Include="C:\Users\david\Documents\Workspace\tom_jk2mv\src\mvsdk\code\game\surfaceflags.h">
      <Filter>Header Files</Filter>
    </ClInclude>
    <ClInclude Include="C:\Users\david\Documents\Workspace\tom_jk2mv\src\mvsdk\code\game\syn.h">
      <Filter>Header Files</Filter>
    </ClInclude>
    <ClInclude Include="C:\Users\david\Documents\Workspace\tom_jk2mv\src\mvsdk\code\game\w_saber.h">
      <Filter>Header Files</Filter>
    </ClInclude>
    <ClInclude Include="C:\Users\david\Documents\Workspace\tom_jk2mv\src\mvsdk\code\game\g_multiversion.h">
      <Filter>Header Files</Filter>
    </ClInclude>
    <ClInclude Include="C:\Users\david\Documents\Workspace\tom_jk2mv\src\mvsdk\code\game\g_multiversion_syscalls.h">
      <Filter>Header Files</Filter>
    </ClInclude>
    <ClInclude Include="C:\Users\david\Documents\Workspace\tom_jk2mv\src\mvsdk\code\game\bg_multiversion.h">
      <Filter>Header Files</Filter>
    </ClInclude>
    <ClInclude Include="C:\Users\david\Documents\Workspace\tom_jk2mv\src\mvsdk\code\cgame\animtable.h">
      <Filter>Header Files</Filter>
    </ClInclude>
    <ClInclude Include="C:\Users\david\Documents\Workspace\tom_jk2mv\src\mvsdk\code\cgame\cg_local.h">
      <Filter>Header Files</Filter>
    </ClInclude>
    <ClInclude Include="C:\Users\david\Documents\Workspace\tom_jk2mv\src\mvsdk\code\cgame\cg_public.h">
      <Filter>Header Files</Filter>
    </ClInclude>
    <ClInclude Include="C:\Users\david\Documents\Workspace\tom_jk2mv\src\mvsdk\code\cgame\tr_types.h">
      <Filter>Header Files</Filter>
    </ClInclude>
    <ClInclude Include="C:\Users\david\Documents\Workspace\tom_jk2mv\src\mvsdk\code\qcommon\tags.h">
      <Filter>Header Files</Filter>
    </ClInclude>
    <ClInclude Include="C:\Users\david\Documents\Workspace\tom_jk2mv\src\mvsdk\code\ghoul2\G2.h">
      <Filter>Header Files</Filter>
    </ClInclude>
    <ClInclude Include="C:\Users\david\Documents\Workspace\tom_jk2mv\src\mvsdk\code\qcommon\crypt_blowfish.h">
      <Filter>Header Files</Filter>
    </ClInclude>
    <ClInclude Include="C:\Users\david\Documents\Workspace\tom_jk2mv\src\mvsdk\code\qcommon\fp16.h">
      <Filter>Header Files</Filter>
    </ClInclude>
    <ClInclude Include="C:\Users\david\Documents\Workspace\tom_jk2mv\src\mvsdk\code\qcommon\levenshtein.h">
      <Filter>Header Files</Filter>
    </ClInclude>
    <ClInclude Include="C:\Users\david\Documents\Workspace\tom_jk2mv\src\mvsdk\code\api\mvapi.h">
      <Filter>Header Files</Filter>
    </ClInclude>
  </ItemGroup>
  <ItemGroup>
    <CustomBuild Include="C:\Users\david\Documents\Workspace\tom_jk2mv\src\mvsdk\code\game\CMakeLists.txt" />
  </ItemGroup>
  <ItemGroup>
    <Filter Include="Header Files">
      <UniqueIdentifier>{356BB112-51F5-3C56-A640-90D5B8034E13}</UniqueIdentifier>
    </Filter>
    <Filter Include="Source Files">
      <UniqueIdentifier>{5E7F80E7-8644-3A2E-8059-D984F6D34782}</UniqueIdentifier>
    </Filter>
  </ItemGroup>
</Project>
