<?xml version="1.0" encoding="utf-8"?>
<Project ToolsVersion="17.0" xmlns="http://schemas.microsoft.com/developer/msbuild/2003">
  <ItemGroup>
    <CustomBuild Include="C:\Users\david\Documents\Workspace\tom_jk2mv\CMakeFiles\a94984336345763abfaca40ef3516032\PACKAGE_force.rule">
      <Filter>CMake Rules</Filter>
    </CustomBuild>
  </ItemGroup>
  <ItemGroup>
    <Filter Include="CMake Rules">
      <UniqueIdentifier>{D1A1B6D2-BE5B-32DF-88CA-9D7F1FE5471D}</UniqueIdentifier>
    </Filter>
  </ItemGroup>
</Project>
